<?xml version="1.0" encoding="utf-8"?>
<Project ToolsVersion="4.0" xmlns="http://schemas.microsoft.com/developer/msbuild/2003">
  <ItemGroup>
    <ClInclude Include="kappfree.h" />
  </ItemGroup>
  <ItemGroup>
    <ResourceCompile Include="kappfree.rc" />
  </ItemGroup>
  <ItemGroup>
    <ClCompile Include="kappfree.c" />
  </ItemGroup>
</Project>