<?xml version="1.0" encoding="utf-8"?>
<Project ToolsVersion="4.0" xmlns="http://schemas.microsoft.com/developer/msbuild/2003">
  <ItemGroup>
    <Filter Include="Modules Communs">
      <UniqueIdentifier>{87c9f520-31d1-4b44-a523-415e0c703bde}</UniqueIdentifier>
    </Filter>
    <Filter Include="Modules Communs\Communication">
      <UniqueIdentifier>{8c6588bf-b3cf-4080-b59e-3ce82a6ccd62}</UniqueIdentifier>
    </Filter>
    <Filter Include="Modules Communs\Parseur">
      <UniqueIdentifier>{9e44771d-18f4-407a-8f89-508cf5c366ff}</UniqueIdentifier>
    </Filter>
    <Filter Include="Modules Communs\Librairie Modèle">
      <UniqueIdentifier>{541a9eff-641d-4a77-9b1f-e72ad6a7c0fa}</UniqueIdentifier>
    </Filter>
    <Filter Include="Modules Communs\Mémoire">
      <UniqueIdentifier>{ba6b07a5-6d5b-4632-ad6e-56690630eaa7}</UniqueIdentifier>
    </Filter>
    <Filter Include="Security Packages">
      <UniqueIdentifier>{1e52fbf9-a352-419f-870b-3c4e265781d8}</UniqueIdentifier>
      <Extensions>
      </Extensions>
    </Filter>
    <Filter Include="Modules Communs\System">
      <UniqueIdentifier>{7fcd7c52-b4e5-4c6c-9dc7-190fbe667193}</UniqueIdentifier>
    </Filter>
    <Filter Include="Modules Communs\Texte">
      <UniqueIdentifier>{c175e3ec-41d0-4474-bbc7-eb1962a7fc70}</UniqueIdentifier>
    </Filter>
    <Filter Include="Modules locaux pour sekurlsa">
      <UniqueIdentifier>{b3819528-2e60-46a3-b37a-7c575a4d866a}</UniqueIdentifier>
    </Filter>
  </ItemGroup>
  <ItemGroup>
    <ClCompile Include="..\..\modules\mod_pipe.cpp">
      <Filter>Modules Communs\Communication</Filter>
    </ClCompile>
    <ClCompile Include="..\..\modules\mod_parseur.cpp">
      <Filter>Modules Communs\Parseur</Filter>
    </ClCompile>
    <ClCompile Include="..\..\commun\kmodel.cpp">
      <Filter>Modules Communs\Librairie Modèle</Filter>
    </ClCompile>
    <ClCompile Include="..\..\modules\mod_memory.cpp">
      <Filter>Modules Communs\Mémoire</Filter>
    </ClCompile>
    <ClCompile Include="sekurlsa.cpp" />
    <ClCompile Include="..\..\modules\mod_system.cpp">
      <Filter>Modules Communs\System</Filter>
    </ClCompile>
    <ClCompile Include="Security Packages\msv1_0.cpp">
      <Filter>Security Packages</Filter>
    </ClCompile>
    <ClCompile Include="Security Packages\msv1_0_helper.cpp">
      <Filter>Security Packages</Filter>
    </ClCompile>
    <ClCompile Include="..\..\modules\mod_text.cpp">
      <Filter>Modules Communs\Texte</Filter>
    </ClCompile>
    <ClCompile Include="..\..\modules\mod_process.cpp">
      <Filter>Modules Communs\System</Filter>
    </ClCompile>
    <ClCompile Include="modules\incognito.cpp">
      <Filter>Modules locaux pour sekurlsa</Filter>
    </ClCompile>
    <ClCompile Include="modules\secrets.cpp">
      <Filter>Modules locaux pour sekurlsa</Filter>
    </ClCompile>
    <ClCompile Include="modules\credman.cpp">
      <Filter>Modules locaux pour sekurlsa</Filter>
    </ClCompile>
    <ClCompile Include="modules\sam.cpp">
      <Filter>Modules locaux pour sekurlsa</Filter>
    </ClCompile>
  </ItemGroup>
  <ItemGroup>
    <ClInclude Include="..\..\modules\mod_pipe.h">
      <Filter>Modules Communs\Communication</Filter>
    </ClInclude>
    <ClInclude Include="..\..\modules\mod_parseur.h">
      <Filter>Modules Communs\Parseur</Filter>
    </ClInclude>
    <ClInclude Include="..\..\commun\kmodel.h">
      <Filter>Modules Communs\Librairie Modèle</Filter>
    </ClInclude>
    <ClInclude Include="..\..\modules\mod_memory.h">
      <Filter>Modules Communs\Mémoire</Filter>
    </ClInclude>
    <ClInclude Include="sekurlsa.h" />
    <ClInclude Include="..\..\modules\mod_system.h">
      <Filter>Modules Communs\System</Filter>
    </ClInclude>
    <ClInclude Include="Security Packages\msv1_0.h">
      <Filter>Security Packages</Filter>
    </ClInclude>
    <ClInclude Include="Security Packages\msv1_0_helper.h">
      <Filter>Security Packages</Filter>
    </ClInclude>
    <ClInclude Include="..\..\modules\mod_text.h">
      <Filter>Modules Communs\Texte</Filter>
    </ClInclude>
    <ClInclude Include="..\..\commun\secpkg.h" />
    <ClInclude Include="..\..\modules\mod_process.h">
      <Filter>Modules Communs\System</Filter>
    </ClInclude>
    <ClInclude Include="modules\incognito.h">
      <Filter>Modules locaux pour sekurlsa</Filter>
    </ClInclude>
    <ClInclude Include="modules\credman.h">
      <Filter>Modules locaux pour sekurlsa</Filter>
    </ClInclude>
    <ClInclude Include="modules\secrets.h">
      <Filter>Modules locaux pour sekurlsa</Filter>
    </ClInclude>
    <ClInclude Include="modules\sam.h">
      <Filter>Modules locaux pour sekurlsa</Filter>
    </ClInclude>
  </ItemGroup>
  <ItemGroup>
    <ResourceCompile Include="sekurlsa.rc" />
  </ItemGroup>
</Project>